
Microsoft Visual Studio Solution File, Format Version 12.00
# Visual Studio Version 17
VisualStudioVersion = 17.0.31912.275
MinimumVisualStudioVersion = 10.0.40219.1
Project("{FAE04EC0-301F-11D3-BF4B-00C04F79EFBC}") = "PracticePet", "PracticePet\PracticePet.csproj", "{D892B388-7748-4CAD-80F3-0801B92FCBC1}"
EndProject
Global
	GlobalSection(SolutionConfigurationPlatforms) = preSolution
		Debug|Any CPU = Debug|Any CPU
		Release|Any CPU = Release|Any CPU
	EndGlobalSection
	GlobalSection(ProjectConfigurationPlatforms) = postSolution
		{D892B388-7748-4CAD-80F3-0801B92FCBC1}.Debug|Any CPU.ActiveCfg = Debug|Any CPU
		{D892B388-7748-4CAD-80F3-0801B92FCBC1}.Debug|Any CPU.Build.0 = Debug|Any CPU
		{D892B388-7748-4CAD-80F3-0801B92FCBC1}.Release|Any CPU.ActiveCfg = Release|Any CPU
		{D892B388-7748-4CAD-80F3-0801B92FCBC1}.Release|Any CPU.Build.0 = Release|Any CPU
	EndGlobalSection
	GlobalSection(SolutionProperties) = preSolution
		HideSolutionNode = FALSE
	EndGlobalSection
	GlobalSection(ExtensibilityGlobals) = postSolution
		SolutionGuid = {6BECE808-1CFF-46FA-966C-EFEC3FB3F2D6}
	EndGlobalSection
EndGlobal
